
Microsoft Visual Studio Solution File, Format Version 12.00
# Visual Studio Version 16
VisualStudioVersion = 16.0.29905.134
MinimumVisualStudioVersion = 10.0.40219.1
Project("{9A19103F-16F7-4668-BE54-9A1E7A4F7556}") = "YubiKeyRequest", "YubiKeyRequest.csproj", "{56C1BC8C-38CE-491C-BDE9-E744A7B5D4C2}"
EndProject
Global
	GlobalSection(SolutionConfigurationPlatforms) = preSolution
		Debug|Any CPU = Debug|Any CPU
		Release|Any CPU = Release|Any CPU
	EndGlobalSection
	GlobalSection(ProjectConfigurationPlatforms) = postSolution
		{56C1BC8C-38CE-491C-BDE9-E744A7B5D4C2}.Debug|Any CPU.ActiveCfg = Debug|Any CPU
		{56C1BC8C-38CE-491C-BDE9-E744A7B5D4C2}.Debug|Any CPU.Build.0 = Debug|Any CPU
		{56C1BC8C-38CE-491C-BDE9-E744A7B5D4C2}.Release|Any CPU.ActiveCfg = Release|Any CPU
		{56C1BC8C-38CE-491C-BDE9-E744A7B5D4C2}.Release|Any CPU.Build.0 = Release|Any CPU
	EndGlobalSection
	GlobalSection(SolutionProperties) = preSolution
		HideSolutionNode = FALSE
	EndGlobalSection
	GlobalSection(ExtensibilityGlobals) = postSolution
		SolutionGuid = {DAF30DA0-E069-4694-BCE1-282A9397016F}
	EndGlobalSection
EndGlobal
